// !$*UTF8*$!
{
	archiveVersion = 1;
	classes = {
	};
	objectVersion = 56;
	objects = {

/* Begin PBXBuildFile section */
		946B51332ADA20EA003AA32F /* fiveApp.swift in Sources */ = {isa = PBXBuildFile; fileRef = 946B51322ADA20EA003AA32F /* fiveApp.swift */; };
		946B51352ADA20EA003AA32F /* ContentView.swift in Sources */ = {isa = PBXBuildFile; fileRef = 946B51342ADA20EA003AA32F /* ContentView.swift */; };
		946B51372ADA20EB003AA32F /* Assets.xcassets in Resources */ = {isa = PBXBuildFile; fileRef = 946B51362ADA20EB003AA32F /* Assets.xcassets */; };
		946B513A2ADA20EB003AA32F /* Preview Assets.xcassets in Resources */ = {isa = PBXBuildFile; fileRef = 946B51392ADA20EB003AA32F /* Preview Assets.xcassets */; };
		946B51442ADA20EB003AA32F /* fiveTests.swift in Sources */ = {isa = PBXBuildFile; fileRef = 946B51432ADA20EB003AA32F /* fiveTests.swift */; };
		946B514E2ADA20EB003AA32F /* fiveUITests.swift in Sources */ = {isa = PBXBuildFile; fileRef = 946B514D2ADA20EB003AA32F /* fiveUITests.swift */; };
		946B51502ADA20EB003AA32F /* fiveUITestsLaunchTests.swift in Sources */ = {isa = PBXBuildFile; fileRef = 946B514F2ADA20EB003AA32F /* fiveUITestsLaunchTests.swift */; };
/* End PBXBuildFile section */

/* Begin PBXContainerItemProxy section */
		946B51402ADA20EB003AA32F /* PBXContainerItemProxy */ = {
			isa = PBXContainerItemProxy;
			containerPortal = 946B51272ADA20EA003AA32F /* Project object */;
			proxyType = 1;
			remoteGlobalIDString = 946B512E2ADA20EA003AA32F;
			remoteInfo = five;
		};
		946B514A2ADA20EB003AA32F /* PBXContainerItemProxy */ = {
			isa = PBXContainerItemProxy;
			containerPortal = 946B51272ADA20EA003AA32F /* Project object */;
			proxyType = 1;
			remoteGlobalIDString = 946B512E2ADA20EA003AA32F;
			remoteInfo = five;
		};
/* End PBXContainerItemProxy section */

/* Begin PBXFileReference section */
		946B512F2ADA20EA003AA32F /* five.app */ = {isa = PBXFileReference; explicitFileType = wrapper.application; includeInIndex = 0; path = five.app; sourceTree = BUILT_PRODUCTS_DIR; };
		946B51322ADA20EA003AA32F /* fiveApp.swift */ = {isa = PBXFileReference; lastKnownFileType = sourcecode.swift; path = fiveApp.swift; sourceTree = "<group>"; };
		946B51342ADA20EA003AA32F /* ContentView.swift */ = {isa = PBXFileReference; lastKnownFileType = sourcecode.swift; path = ContentView.swift; sourceTree = "<group>"; };
		946B51362ADA20EB003AA32F /* Assets.xcassets */ = {isa = PBXFileReference; lastKnownFileType = folder.assetcatalog; path = Assets.xcassets; sourceTree = "<group>"; };
		946B51392ADA20EB003AA32F /* Preview Assets.xcassets */ = {isa = PBXFileReference; lastKnownFileType = folder.assetcatalog; path = "Preview Assets.xcassets"; sourceTree = "<group>"; };
		946B513F2ADA20EB003AA32F /* fiveTests.xctest */ = {isa = PBXFileReference; explicitFileType = wrapper.cfbundle; includeInIndex = 0; path = fiveTests.xctest; sourceTree = BUILT_PRODUCTS_DIR; };
		946B51432ADA20EB003AA32F /* fiveTests.swift */ = {isa = PBXFileReference; lastKnownFileType = sourcecode.swift; path = fiveTests.swift; sourceTree = "<group>"; };
		946B51492ADA20EB003AA32F /* fiveUITests.xctest */ = {isa = PBXFileReference; explicitFileType = wrapper.cfbundle; includeInIndex = 0; path = fiveUITests.xctest; sourceTree = BUILT_PRODUCTS_DIR; };
		946B514D2ADA20EB003AA32F /* fiveUITests.swift */ = {isa = PBXFileReference; lastKnownFileType = sourcecode.swift; path = fiveUITests.swift; sourceTree = "<group>"; };
		946B514F2ADA20EB003AA32F /* fiveUITestsLaunchTests.swift */ = {isa = PBXFileReference; lastKnownFileType = sourcecode.swift; path = fiveUITestsLaunchTests.swift; sourceTree = "<group>"; };
/* End PBXFileReference section */

/* Begin PBXFrameworksBuildPhase section */
		946B512C2ADA20EA003AA32F /* Frameworks */ = {
			isa = PBXFrameworksBuildPhase;
			buildActionMask = 2147483647;
			files = (
			);
			runOnlyForDeploymentPostprocessing = 0;
		};
		946B513C2ADA20EB003AA32F /* Frameworks */ = {
			isa = PBXFrameworksBuildPhase;
			buildActionMask = 2147483647;
			files = (
			);
			runOnlyForDeploymentPostprocessing = 0;
		};
		946B51462ADA20EB003AA32F /* Frameworks */ = {
			isa = PBXFrameworksBuildPhase;
			buildActionMask = 2147483647;
			files = (
			);
			runOnlyForDeploymentPostprocessing = 0;
		};
/* End PBXFrameworksBuildPhase section */

/* Begin PBXGroup section */
		946B51262ADA20EA003AA32F = {
			isa = PBXGroup;
			children = (
				946B51312ADA20EA003AA32F /* five */,
				946B51422ADA20EB003AA32F /* fiveTests */,
				946B514C2ADA20EB003AA32F /* fiveUITests */,
				946B51302ADA20EA003AA32F /* Products */,
			);
			sourceTree = "<group>";
		};
		946B51302ADA20EA003AA32F /* Products */ = {
			isa = PBXGroup;
			children = (
				946B512F2ADA20EA003AA32F /* five.app */,
				946B513F2ADA20EB003AA32F /* fiveTests.xctest */,
				946B51492ADA20EB003AA32F /* fiveUITests.xctest */,
			);
			name = Products;
			sourceTree = "<group>";
		};
		946B51312ADA20EA003AA32F /* five */ = {
			isa = PBXGroup;
			children = (
				946B51322ADA20EA003AA32F /* fiveApp.swift */,
				946B51342ADA20EA003AA32F /* ContentView.swift */,
				946B51362ADA20EB003AA32F /* Assets.xcassets */,
				946B51382ADA20EB003AA32F /* Preview Content */,
			);
			path = five;
			sourceTree = "<group>";
		};
		946B51382ADA20EB003AA32F /* Preview Content */ = {
			isa = PBXGroup;
			children = (
				946B51392ADA20EB003AA32F /* Preview Assets.xcassets */,
			);
			path = "Preview Content";
			sourceTree = "<group>";
		};
		946B51422ADA20EB003AA32F /* fiveTests */ = {
			isa = PBXGroup;
			children = (
				946B51432ADA20EB003AA32F /* fiveTests.swift */,
			);
			path = fiveTests;
			sourceTree = "<group>";
		};
		946B514C2ADA20EB003AA32F /* fiveUITests */ = {
			isa = PBXGroup;
			children = (
				946B514D2ADA20EB003AA32F /* fiveUITests.swift */,
				946B514F2ADA20EB003AA32F /* fiveUITestsLaunchTests.swift */,
			);
			path = fiveUITests;
			sourceTree = "<group>";
		};
/* End PBXGroup section */

/* Begin PBXNativeTarget section */
		946B512E2ADA20EA003AA32F /* five */ = {
			isa = PBXNativeTarget;
			buildConfigurationList = 946B51532ADA20EB003AA32F /* Build configuration list for PBXNativeTarget "five" */;
			buildPhases = (
				946B512B2ADA20EA003AA32F /* Sources */,
				946B512C2ADA20EA003AA32F /* Frameworks */,
				946B512D2ADA20EA003AA32F /* Resources */,
			);
			buildRules = (
			);
			dependencies = (
			);
			name = five;
			productName = five;
			productReference = 946B512F2ADA20EA003AA32F /* five.app */;
			productType = "com.apple.product-type.application";
		};
		946B513E2ADA20EB003AA32F /* fiveTests */ = {
			isa = PBXNativeTarget;
			buildConfigurationList = 946B51562ADA20EB003AA32F /* Build configuration list for PBXNativeTarget "fiveTests" */;
			buildPhases = (
				946B513B2ADA20EB003AA32F /* Sources */,
				946B513C2ADA20EB003AA32F /* Frameworks */,
				946B513D2ADA20EB003AA32F /* Resources */,
			);
			buildRules = (
			);
			dependencies = (
				946B51412ADA20EB003AA32F /* PBXTargetDependency */,
			);
			name = fiveTests;
			productName = fiveTests;
			productReference = 946B513F2ADA20EB003AA32F /* fiveTests.xctest */;
			productType = "com.apple.product-type.bundle.unit-test";
		};
		946B51482ADA20EB003AA32F /* fiveUITests */ = {
			isa = PBXNativeTarget;
			buildConfigurationList = 946B51592ADA20EB003AA32F /* Build configuration list for PBXNativeTarget "fiveUITests" */;
			buildPhases = (
				946B51452ADA20EB003AA32F /* Sources */,
				946B51462ADA20EB003AA32F /* Frameworks */,
				946B51472ADA20EB003AA32F /* Resources */,
			);
			buildRules = (
			);
			dependencies = (
				946B514B2ADA20EB003AA32F /* PBXTargetDependency */,
			);
			name = fiveUITests;
			productName = fiveUITests;
			productReference = 946B51492ADA20EB003AA32F /* fiveUITests.xctest */;
			productType = "com.apple.product-type.bundle.ui-testing";
		};
/* End PBXNativeTarget section */

/* Begin PBXProject section */
		946B51272ADA20EA003AA32F /* Project object */ = {
			isa = PBXProject;
			attributes = {
				BuildIndependentTargetsInParallel = 1;
				LastSwiftUpdateCheck = 1500;
				LastUpgradeCheck = 1500;
				TargetAttributes = {
					946B512E2ADA20EA003AA32F = {
						CreatedOnToolsVersion = 15.0;
					};
					946B513E2ADA20EB003AA32F = {
						CreatedOnToolsVersion = 15.0;
						TestTargetID = 946B512E2ADA20EA003AA32F;
					};
					946B51482ADA20EB003AA32F = {
						CreatedOnToolsVersion = 15.0;
						TestTargetID = 946B512E2ADA20EA003AA32F;
					};
				};
			};
			buildConfigurationList = 946B512A2ADA20EA003AA32F /* Build configuration list for PBXProject "five" */;
			compatibilityVersion = "Xcode 14.0";
			developmentRegion = en;
			hasScannedForEncodings = 0;
			knownRegions = (
				en,
				Base,
			);
			mainGroup = 946B51262ADA20EA003AA32F;
			productRefGroup = 946B51302ADA20EA003AA32F /* Products */;
			projectDirPath = "";
			projectRoot = "";
			targets = (
				946B512E2ADA20EA003AA32F /* five */,
				946B513E2ADA20EB003AA32F /* fiveTests */,
				946B51482ADA20EB003AA32F /* fiveUITests */,
			);
		};
/* End PBXProject section */

/* Begin PBXResourcesBuildPhase section */
		946B512D2ADA20EA003AA32F /* Resources */ = {
			isa = PBXResourcesBuildPhase;
			buildActionMask = 2147483647;
			files = (
				946B513A2ADA20EB003AA32F /* Preview Assets.xcassets in Resources */,
				946B51372ADA20EB003AA32F /* Assets.xcassets in Resources */,
			);
			runOnlyForDeploymentPostprocessing = 0;
		};
		946B513D2ADA20EB003AA32F /* Resources */ = {
			isa = PBXResourcesBuildPhase;
			buildActionMask = 2147483647;
			files = (
			);
			runOnlyForDeploymentPostprocessing = 0;
		};
		946B51472ADA20EB003AA32F /* Resources */ = {
			isa = PBXResourcesBuildPhase;
			buildActionMask = 2147483647;
			files = (
			);
			runOnlyForDeploymentPostprocessing = 0;
		};
/* End PBXResourcesBuildPhase section */

/* Begin PBXSourcesBuildPhase section */
		946B512B2ADA20EA003AA32F /* Sources */ = {
			isa = PBXSourcesBuildPhase;
			buildActionMask = 2147483647;
			files = (
				946B51352ADA20EA003AA32F /* ContentView.swift in Sources */,
				946B51332ADA20EA003AA32F /* fiveApp.swift in Sources */,
			);
			runOnlyForDeploymentPostprocessing = 0;
		};
		946B513B2ADA20EB003AA32F /* Sources */ = {
			isa = PBXSourcesBuildPhase;
			buildActionMask = 2147483647;
			files = (
				946B51442ADA20EB003AA32F /* fiveTests.swift in Sources */,
			);
			runOnlyForDeploymentPostprocessing = 0;
		};
		946B51452ADA20EB003AA32F /* Sources */ = {
			isa = PBXSourcesBuildPhase;
			buildActionMask = 2147483647;
			files = (
				946B51502ADA20EB003AA32F /* fiveUITestsLaunchTests.swift in Sources */,
				946B514E2ADA20EB003AA32F /* fiveUITests.swift in Sources */,
			);
			runOnlyForDeploymentPostprocessing = 0;
		};
/* End PBXSourcesBuildPhase section */

/* Begin PBXTargetDependency section */
		946B51412ADA20EB003AA32F /* PBXTargetDependency */ = {
			isa = PBXTargetDependency;
			target = 946B512E2ADA20EA003AA32F /* five */;
			targetProxy = 946B51402ADA20EB003AA32F /* PBXContainerItemProxy */;
		};
		946B514B2ADA20EB003AA32F /* PBXTargetDependency */ = {
			isa = PBXTargetDependency;
			target = 946B512E2ADA20EA003AA32F /* five */;
			targetProxy = 946B514A2ADA20EB003AA32F /* PBXContainerItemProxy */;
		};
/* End PBXTargetDependency section */

/* Begin XCBuildConfiguration section */
		946B51512ADA20EB003AA32F /* Debug */ = {
			isa = XCBuildConfiguration;
			buildSettings = {
				ALWAYS_SEARCH_USER_PATHS = NO;
				ASSETCATALOG_COMPILER_GENERATE_SWIFT_ASSET_SYMBOL_EXTENSIONS = YES;
				CLANG_ANALYZER_NONNULL = YES;
				CLANG_ANALYZER_NUMBER_OBJECT_CONVERSION = YES_AGGRESSIVE;
				CLANG_CXX_LANGUAGE_STANDARD = "gnu++20";
				CLANG_ENABLE_MODULES = YES;
				CLANG_ENABLE_OBJC_ARC = YES;
				CLANG_ENABLE_OBJC_WEAK = YES;
				CLANG_WARN_BLOCK_CAPTURE_AUTORELEASING = YES;
				CLANG_WARN_BOOL_CONVERSION = YES;
				CLANG_WARN_COMMA = YES;
				CLANG_WARN_CONSTANT_CONVERSION = YES;
				CLANG_WARN_DEPRECATED_OBJC_IMPLEMENTATIONS = YES;
				CLANG_WARN_DIRECT_OBJC_ISA_USAGE = YES_ERROR;
				CLANG_WARN_DOCUMENTATION_COMMENTS = YES;
				CLANG_WARN_EMPTY_BODY = YES;
				CLANG_WARN_ENUM_CONVERSION = YES;
				CLANG_WARN_INFINITE_RECURSION = YES;
				CLANG_WARN_INT_CONVERSION = YES;
				CLANG_WARN_NON_LITERAL_NULL_CONVERSION = YES;
				CLANG_WARN_OBJC_IMPLICIT_RETAIN_SELF = YES;
				CLANG_WARN_OBJC_LITERAL_CONVERSION = YES;
				CLANG_WARN_OBJC_ROOT_CLASS = YES_ERROR;
				CLANG_WARN_QUOTED_INCLUDE_IN_FRAMEWORK_HEADER = YES;
				CLANG_WARN_RANGE_LOOP_ANALYSIS = YES;
				CLANG_WARN_STRICT_PROTOTYPES = YES;
				CLANG_WARN_SUSPICIOUS_MOVE = YES;
				CLANG_WARN_UNGUARDED_AVAILABILITY = YES_AGGRESSIVE;
				CLANG_WARN_UNREACHABLE_CODE = YES;
				CLANG_WARN__DUPLICATE_METHOD_MATCH = YES;
				COPY_PHASE_STRIP = NO;
				DEBUG_INFORMATION_FORMAT = dwarf;
				ENABLE_STRICT_OBJC_MSGSEND = YES;
				ENABLE_TESTABILITY = YES;
				ENABLE_USER_SCRIPT_SANDBOXING = YES;
				GCC_C_LANGUAGE_STANDARD = gnu17;
				GCC_DYNAMIC_NO_PIC = NO;
				GCC_NO_COMMON_BLOCKS = YES;
				GCC_OPTIMIZATION_LEVEL = 0;
				GCC_PREPROCESSOR_DEFINITIONS = (
					"DEBUG=1",
					"$(inherited)",
				);
				GCC_WARN_64_TO_32_BIT_CONVERSION = YES;
				GCC_WARN_ABOUT_RETURN_TYPE = YES_ERROR;
				GCC_WARN_UNDECLARED_SELECTOR = YES;
				GCC_WARN_UNINITIALIZED_AUTOS = YES_AGGRESSIVE;
				GCC_WARN_UNUSED_FUNCTION = YES;
				GCC_WARN_UNUSED_VARIABLE = YES;
				IPHONEOS_DEPLOYMENT_TARGET = 17.0;
				LOCALIZATION_PREFERS_STRING_CATALOGS = YES;
				MTL_ENABLE_DEBUG_INFO = INCLUDE_SOURCE;
				MTL_FAST_MATH = YES;
				ONLY_ACTIVE_ARCH = YES;
				SDKROOT = iphoneos;
				SWIFT_ACTIVE_COMPILATION_CONDITIONS = "DEBUG $(inherited)";
				SWIFT_OPTIMIZATION_LEVEL = "-Onone";
			};
			name = Debug;
		};
		946B51522ADA20EB003AA32F /* Release */ = {
			isa = XCBuildConfiguration;
			buildSettings = {
				ALWAYS_SEARCH_USER_PATHS = NO;
				ASSETCATALOG_COMPILER_GENERATE_SWIFT_ASSET_SYMBOL_EXTENSIONS = YES;
				CLANG_ANALYZER_NONNULL = YES;
				CLANG_ANALYZER_NUMBER_OBJECT_CONVERSION = YES_AGGRESSIVE;
				CLANG_CXX_LANGUAGE_STANDARD = "gnu++20";
				CLANG_ENABLE_MODULES = YES;
				CLANG_ENABLE_OBJC_ARC = YES;
				CLANG_ENABLE_OBJC_WEAK = YES;
				CLANG_WARN_BLOCK_CAPTURE_AUTORELEASING = YES;
				CLANG_WARN_BOOL_CONVERSION = YES;
				CLANG_WARN_COMMA = YES;
				CLANG_WARN_CONSTANT_CONVERSION = YES;
				CLANG_WARN_DEPRECATED_OBJC_IMPLEMENTATIONS = YES;
				CLANG_WARN_DIRECT_OBJC_ISA_USAGE = YES_ERROR;
				CLANG_WARN_DOCUMENTATION_COMMENTS = YES;
				CLANG_WARN_EMPTY_BODY = YES;
				CLANG_WARN_ENUM_CONVERSION = YES;
				CLANG_WARN_INFINITE_RECURSION = YES;
				CLANG_WARN_INT_CONVERSION = YES;
				CLANG_WARN_NON_LITERAL_NULL_CONVERSION = YES;
				CLANG_WARN_OBJC_IMPLICIT_RETAIN_SELF = YES;
				CLANG_WARN_OBJC_LITERAL_CONVERSION = YES;
				CLANG_WARN_OBJC_ROOT_CLASS = YES_ERROR;
				CLANG_WARN_QUOTED_INCLUDE_IN_FRAMEWORK_HEADER = YES;
				CLANG_WARN_RANGE_LOOP_ANALYSIS = YES;
				CLANG_WARN_STRICT_PROTOTYPES = YES;
				CLANG_WARN_SUSPICIOUS_MOVE = YES;
				CLANG_WARN_UNGUARDED_AVAILABILITY = YES_AGGRESSIVE;
				CLANG_WARN_UNREACHABLE_CODE = YES;
				CLANG_WARN__DUPLICATE_METHOD_MATCH = YES;
				COPY_PHASE_STRIP = NO;
				DEBUG_INFORMATION_FORMAT = "dwarf-with-dsym";
				ENABLE_NS_ASSERTIONS = NO;
				ENABLE_STRICT_OBJC_MSGSEND = YES;
				ENABLE_USER_SCRIPT_SANDBOXING = YES;
				GCC_C_LANGUAGE_STANDARD = gnu17;
				GCC_NO_COMMON_BLOCKS = YES;
				GCC_WARN_64_TO_32_BIT_CONVERSION = YES;
				GCC_WARN_ABOUT_RETURN_TYPE = YES_ERROR;
				GCC_WARN_UNDECLARED_SELECTOR = YES;
				GCC_WARN_UNINITIALIZED_AUTOS = YES_AGGRESSIVE;
				GCC_WARN_UNUSED_FUNCTION = YES;
				GCC_WARN_UNUSED_VARIABLE = YES;
				IPHONEOS_DEPLOYMENT_TARGET = 17.0;
				LOCALIZATION_PREFERS_STRING_CATALOGS = YES;
				MTL_ENABLE_DEBUG_INFO = NO;
				MTL_FAST_MATH = YES;
				SDKROOT = iphoneos;
				SWIFT_COMPILATION_MODE = wholemodule;
				VALIDATE_PRODUCT = YES;
			};
			name = Release;
		};
		946B51542ADA20EB003AA32F /* Debug */ = {
			isa = XCBuildConfiguration;
			buildSettings = {
				ASSETCATALOG_COMPILER_APPICON_NAME = AppIcon;
				ASSETCATALOG_COMPILER_GLOBAL_ACCENT_COLOR_NAME = AccentColor;
				CODE_SIGN_STYLE = Automatic;
				CURRENT_PROJECT_VERSION = 1;
				DEVELOPMENT_ASSET_PATHS = "\"five/Preview Content\"";
				ENABLE_PREVIEWS = YES;
				GENERATE_INFOPLIST_FILE = YES;
				INFOPLIST_KEY_UIApplicationSceneManifest_Generation = YES;
				INFOPLIST_KEY_UIApplicationSupportsIndirectInputEvents = YES;
				INFOPLIST_KEY_UILaunchScreen_Generation = YES;
				INFOPLIST_KEY_UISupportedInterfaceOrientations_iPad = "UIInterfaceOrientationPortrait UIInterfaceOrientationPortraitUpsideDown UIInterfaceOrientationLandscapeLeft UIInterfaceOrientationLandscapeRight";
				INFOPLIST_KEY_UISupportedInterfaceOrientations_iPhone = "UIInterfaceOrientationPortrait UIInterfaceOrientationLandscapeLeft UIInterfaceOrientationLandscapeRight";
				LD_RUNPATH_SEARCH_PATHS = (
					"$(inherited)",
					"@executable_path/Frameworks",
				);
				MARKETING_VERSION = 1.0;
				PRODUCT_BUNDLE_IDENTIFIER = com.rgd.five;
				PRODUCT_NAME = "$(TARGET_NAME)";
				SWIFT_EMIT_LOC_STRINGS = YES;
				SWIFT_VERSION = 5.0;
				TARGETED_DEVICE_FAMILY = "1,2";
			};
			name = Debug;
		};
		946B51552ADA20EB003AA32F /* Release */ = {
			isa = XCBuildConfiguration;
			buildSettings = {
				ASSETCATALOG_COMPILER_APPICON_NAME = AppIcon;
				ASSETCATALOG_COMPILER_GLOBAL_ACCENT_COLOR_NAME = AccentColor;
				CODE_SIGN_STYLE = Automatic;
				CURRENT_PROJECT_VERSION = 1;
				DEVELOPMENT_ASSET_PATHS = "\"five/Preview Content\"";
				ENABLE_PREVIEWS = YES;
				GENERATE_INFOPLIST_FILE = YES;
				INFOPLIST_KEY_UIApplicationSceneManifest_Generation = YES;
				INFOPLIST_KEY_UIApplicationSupportsIndirectInputEvents = YES;
				INFOPLIST_KEY_UILaunchScreen_Generation = YES;
				INFOPLIST_KEY_UISupportedInterfaceOrientations_iPad = "UIInterfaceOrientationPortrait UIInterfaceOrientationPortraitUpsideDown UIInterfaceOrientationLandscapeLeft UIInterfaceOrientationLandscapeRight";
				INFOPLIST_KEY_UISupportedInterfaceOrientations_iPhone = "UIInterfaceOrientationPortrait UIInterfaceOrientationLandscapeLeft UIInterfaceOrientationLandscapeRight";
				LD_RUNPATH_SEARCH_PATHS = (
					"$(inherited)",
					"@executable_path/Frameworks",
				);
				MARKETING_VERSION = 1.0;
				PRODUCT_BUNDLE_IDENTIFIER = com.rgd.five;
				PRODUCT_NAME = "$(TARGET_NAME)";
				SWIFT_EMIT_LOC_STRINGS = YES;
				SWIFT_VERSION = 5.0;
				TARGETED_DEVICE_FAMILY = "1,2";
			};
			name = Release;
		};
		946B51572ADA20EB003AA32F /* Debug */ = {
			isa = XCBuildConfiguration;
			buildSettings = {
				ALWAYS_EMBED_SWIFT_STANDARD_LIBRARIES = YES;
				BUNDLE_LOADER = "$(TEST_HOST)";
				CODE_SIGN_STYLE = Automatic;
				CURRENT_PROJECT_VERSION = 1;
				GENERATE_INFOPLIST_FILE = YES;
				IPHONEOS_DEPLOYMENT_TARGET = 17.0;
				MARKETING_VERSION = 1.0;
				PRODUCT_BUNDLE_IDENTIFIER = com.rgd.fiveTests;
				PRODUCT_NAME = "$(TARGET_NAME)";
				SWIFT_EMIT_LOC_STRINGS = NO;
				SWIFT_VERSION = 5.0;
				TARGETED_DEVICE_FAMILY = "1,2";
				TEST_HOST = "$(BUILT_PRODUCTS_DIR)/five.app/$(BUNDLE_EXECUTABLE_FOLDER_PATH)/five";
			};
			name = Debug;
		};
		946B51582ADA20EB003AA32F /* Release */ = {
			isa = XCBuildConfiguration;
			buildSettings = {
				ALWAYS_EMBED_SWIFT_STANDARD_LIBRARIES = YES;
				BUNDLE_LOADER = "$(TEST_HOST)";
				CODE_SIGN_STYLE = Automatic;
				CURRENT_PROJECT_VERSION = 1;
				GENERATE_INFOPLIST_FILE = YES;
				IPHONEOS_DEPLOYMENT_TARGET = 17.0;
				MARKETING_VERSION = 1.0;
				PRODUCT_BUNDLE_IDENTIFIER = com.rgd.fiveTests;
				PRODUCT_NAME = "$(TARGET_NAME)";
				SWIFT_EMIT_LOC_STRINGS = NO;
				SWIFT_VERSION = 5.0;
				TARGETED_DEVICE_FAMILY = "1,2";
				TEST_HOST = "$(BUILT_PRODUCTS_DIR)/five.app/$(BUNDLE_EXECUTABLE_FOLDER_PATH)/five";
			};
			name = Release;
		};
		946B515A2ADA20EB003AA32F /* Debug */ = {
			isa = XCBuildConfiguration;
			buildSettings = {
				ALWAYS_EMBED_SWIFT_STANDARD_LIBRARIES = YES;
				CODE_SIGN_STYLE = Automatic;
				CURRENT_PROJECT_VERSION = 1;
				GENERATE_INFOPLIST_FILE = YES;
				MARKETING_VERSION = 1.0;
				PRODUCT_BUNDLE_IDENTIFIER = com.rgd.fiveUITests;
				PRODUCT_NAME = "$(TARGET_NAME)";
				SWIFT_EMIT_LOC_STRINGS = NO;
				SWIFT_VERSION = 5.0;
				TARGETED_DEVICE_FAMILY = "1,2";
				TEST_TARGET_NAME = five;
			};
			name = Debug;
		};
		946B515B2ADA20EB003AA32F /* Release */ = {
			isa = XCBuildConfiguration;
			buildSettings = {
				ALWAYS_EMBED_SWIFT_STANDARD_LIBRARIES = YES;
				CODE_SIGN_STYLE = Automatic;
				CURRENT_PROJECT_VERSION = 1;
				GENERATE_INFOPLIST_FILE = YES;
				MARKETING_VERSION = 1.0;
				PRODUCT_BUNDLE_IDENTIFIER = com.rgd.fiveUITests;
				PRODUCT_NAME = "$(TARGET_NAME)";
				SWIFT_EMIT_LOC_STRINGS = NO;
				SWIFT_VERSION = 5.0;
				TARGETED_DEVICE_FAMILY = "1,2";
				TEST_TARGET_NAME = five;
			};
			name = Release;
		};
/* End XCBuildConfiguration section */

/* Begin XCConfigurationList section */
		946B512A2ADA20EA003AA32F /* Build configuration list for PBXProject "five" */ = {
			isa = XCConfigurationList;
			buildConfigurations = (
				946B51512ADA20EB003AA32F /* Debug */,
				946B51522ADA20EB003AA32F /* Release */,
			);
			defaultConfigurationIsVisible = 0;
			defaultConfigurationName = Release;
		};
		946B51532ADA20EB003AA32F /* Build configuration list for PBXNativeTarget "five" */ = {
			isa = XCConfigurationList;
			buildConfigurations = (
				946B51542ADA20EB003AA32F /* Debug */,
				946B51552ADA20EB003AA32F /* Release */,
			);
			defaultConfigurationIsVisible = 0;
			defaultConfigurationName = Release;
		};
		946B51562ADA20EB003AA32F /* Build configuration list for PBXNativeTarget "fiveTests" */ = {
			isa = XCConfigurationList;
			buildConfigurations = (
				946B51572ADA20EB003AA32F /* Debug */,
				946B51582ADA20EB003AA32F /* Release */,
			);
			defaultConfigurationIsVisible = 0;
			defaultConfigurationName = Release;
		};
		946B51592ADA20EB003AA32F /* Build configuration list for PBXNativeTarget "fiveUITests" */ = {
			isa = XCConfigurationList;
			buildConfigurations = (
				946B515A2ADA20EB003AA32F /* Debug */,
				946B515B2ADA20EB003AA32F /* Release */,
			);
			defaultConfigurationIsVisible = 0;
			defaultConfigurationName = Release;
		};
/* End XCConfigurationList section */
	};
	rootObject = 946B51272ADA20EA003AA32F /* Project object */;
}
